Microsoft Visual Studio Solution File, Format Version 12.00
# Visual Studio Version 17
VisualStudioVersion = 17.13.35931.197
MinimumVisualStudioVersion = 10.0.40219.1
Project("{FAE04EC0-301F-11D3-BF4B-00C04F79EFBC}") = "BlazorApp7", "BlazorApp7\BlazorApp7.csproj", "{73A5FCE2-3760-4C34-BB86-903A7F26D5A7}"
EndProject
Global
	GlobalSection(SolutionConfigurationPlatforms) = preSolution
		Debug|Any CPU = Debug|Any CPU
		Release|Any CPU = Release|Any CPU
	EndGlobalSection
	GlobalSection(ProjectConfigurationPlatforms) = postSolution
		{73A5FCE2-3760-4C34-BB86-903A7F26D5A7}.Debug|Any CPU.ActiveCfg = Debug|Any CPU
		{73A5FCE2-3760-4C34-BB86-903A7F26D5A7}.Debug|Any CPU.Build.0 = Debug|Any CPU
		{73A5FCE2-3760-4C34-BB86-903A7F26D5A7}.Release|Any CPU.ActiveCfg = Release|Any CPU
		{73A5FCE2-3760-4C34-BB86-903A7F26D5A7}.Release|Any CPU.Build.0 = Release|Any CPU
	EndGlobalSection
	GlobalSection(SolutionProperties) = preSolution
		HideSolutionNode = FALSE
	EndGlobalSection
	GlobalSection(ExtensibilityGlobals) = postSolution
		SolutionGuid = {94CE6715-A565-4BB2-A248-764085E2BF4F}
	EndGlobalSection
EndGlobal
